
Microsoft Visual Studio Solution File, Format Version 12.00
# Visual Studio Version 17
VisualStudioVersion = 17.2.32630.192
MinimumVisualStudioVersion = 10.0.40219.1
Project("{FAE04EC0-301F-11D3-BF4B-00C04F79EFBC}") = "SqlHelper", "SqlHelper\SqlHelper.csproj", "{2E4207C5-C69B-4AAE-BA18-4FDCDCC57125}"
EndProject
Project("{FAE04EC0-301F-11D3-BF4B-00C04F79EFBC}") = "SqlHelper.Test", "SqlHelper.Test\SqlHelper.Test.csproj", "{037A3FA4-BB3B-4431-8C06-E3216593C4D5}"
EndProject
Global
	GlobalSection(SolutionConfigurationPlatforms) = preSolution
		Debug|Any CPU = Debug|Any CPU
		Release|Any CPU = Release|Any CPU
	EndGlobalSection
	GlobalSection(ProjectConfigurationPlatforms) = postSolution
		{2E4207C5-C69B-4AAE-BA18-4FDCDCC57125}.Debug|Any CPU.ActiveCfg = Debug|Any CPU
		{2E4207C5-C69B-4AAE-BA18-4FDCDCC57125}.Debug|Any CPU.Build.0 = Debug|Any CPU
		{2E4207C5-C69B-4AAE-BA18-4FDCDCC57125}.Release|Any CPU.ActiveCfg = Release|Any CPU
		{2E4207C5-C69B-4AAE-BA18-4FDCDCC57125}.Release|Any CPU.Build.0 = Release|Any CPU
		{037A3FA4-BB3B-4431-8C06-E3216593C4D5}.Debug|Any CPU.ActiveCfg = Debug|Any CPU
		{037A3FA4-BB3B-4431-8C06-E3216593C4D5}.Debug|Any CPU.Build.0 = Debug|Any CPU
		{037A3FA4-BB3B-4431-8C06-E3216593C4D5}.Release|Any CPU.ActiveCfg = Release|Any CPU
		{037A3FA4-BB3B-4431-8C06-E3216593C4D5}.Release|Any CPU.Build.0 = Release|Any CPU
	EndGlobalSection
	GlobalSection(SolutionProperties) = preSolution
		HideSolutionNode = FALSE
	EndGlobalSection
	GlobalSection(ExtensibilityGlobals) = postSolution
		SolutionGuid = {5D88A686-5C9A-4D05-80F7-D9B0E4F22A65}
	EndGlobalSection
EndGlobal
